
Microsoft Visual Studio Solution File, Format Version 12.00
# Visual Studio Version 17
VisualStudioVersion = 17.5.33516.290
MinimumVisualStudioVersion = 10.0.40219.1
Project("{9A19103F-16F7-4668-BE54-9A1E7A4F7556}") = "VirualStick", "VirualStick\VirualStick.csproj", "{A3BE6455-192D-4EE6-8974-E4BB6993C732}"
EndProject
Project("{FAE04EC0-301F-11D3-BF4B-00C04F79EFBC}") = "Plot", "Plot\Plot.csproj", "{3DCC42CC-2DCB-4DEA-B15A-CFDEAA0846D8}"
EndProject
Project("{FAE04EC0-301F-11D3-BF4B-00C04F79EFBC}") = "ClassifyData", "ClassifyData\ClassifyData.csproj", "{EEB13563-BC09-4640-B76B-A2EAFDDB6CD2}"
EndProject
Project("{FAE04EC0-301F-11D3-BF4B-00C04F79EFBC}") = "BindingData", "BindingData\BindingData.csproj", "{30997603-A6CE-433B-B6D6-B3F88EFF97BA}"
EndProject
Project("{FAE04EC0-301F-11D3-BF4B-00C04F79EFBC}") = "NavigationBar", "NavigationBar\NavigationBar.csproj", "{0C3F356D-F9EC-4B9B-88BA-AD1EE41C3BAE}"
EndProject
Project("{FAE04EC0-301F-11D3-BF4B-00C04F79EFBC}") = "ProgressBar", "ProgressBar\ProgressBar.csproj", "{0B9AE810-12F2-4F53-83F2-F177B5BA94AA}"
EndProject
Project("{9A19103F-16F7-4668-BE54-9A1E7A4F7556}") = "ReadXml", "ReadXml\ReadXml.csproj", "{5D8BBFB6-F1D1-42A9-A4E8-43298467ED42}"
EndProject
Project("{FAE04EC0-301F-11D3-BF4B-00C04F79EFBC}") = "MVVMBinding", "MVVMBinding\MVVMBinding.csproj", "{17D48EFE-F419-4423-A267-1B204751A352}"
EndProject
Project("{FAE04EC0-301F-11D3-BF4B-00C04F79EFBC}") = "Sensor", "Sensor\Sensor.csproj", "{ED4E42DA-B61B-40A4-A644-1A92695E75CD}"
EndProject
Global
	GlobalSection(SolutionConfigurationPlatforms) = preSolution
		Debug|Any CPU = Debug|Any CPU
		Debug|x64 = Debug|x64
		Debug|x86 = Debug|x86
		Release|Any CPU = Release|Any CPU
		Release|x64 = Release|x64
		Release|x86 = Release|x86
	EndGlobalSection
	GlobalSection(ProjectConfigurationPlatforms) = postSolution
		{A3BE6455-192D-4EE6-8974-E4BB6993C732}.Debug|Any CPU.ActiveCfg = Debug|Any CPU
		{A3BE6455-192D-4EE6-8974-E4BB6993C732}.Debug|Any CPU.Build.0 = Debug|Any CPU
		{A3BE6455-192D-4EE6-8974-E4BB6993C732}.Debug|x64.ActiveCfg = Debug|x64
		{A3BE6455-192D-4EE6-8974-E4BB6993C732}.Debug|x64.Build.0 = Debug|x64
		{A3BE6455-192D-4EE6-8974-E4BB6993C732}.Debug|x86.ActiveCfg = Debug|x86
		{A3BE6455-192D-4EE6-8974-E4BB6993C732}.Debug|x86.Build.0 = Debug|x86
		{A3BE6455-192D-4EE6-8974-E4BB6993C732}.Release|Any CPU.ActiveCfg = Release|Any CPU
		{A3BE6455-192D-4EE6-8974-E4BB6993C732}.Release|Any CPU.Build.0 = Release|Any CPU
		{A3BE6455-192D-4EE6-8974-E4BB6993C732}.Release|x64.ActiveCfg = Release|x64
		{A3BE6455-192D-4EE6-8974-E4BB6993C732}.Release|x64.Build.0 = Release|x64
		{A3BE6455-192D-4EE6-8974-E4BB6993C732}.Release|x86.ActiveCfg = Release|x86
		{A3BE6455-192D-4EE6-8974-E4BB6993C732}.Release|x86.Build.0 = Release|x86
		{3DCC42CC-2DCB-4DEA-B15A-CFDEAA0846D8}.Debug|Any CPU.ActiveCfg = Debug|Any CPU
		{3DCC42CC-2DCB-4DEA-B15A-CFDEAA0846D8}.Debug|Any CPU.Build.0 = Debug|Any CPU
		{3DCC42CC-2DCB-4DEA-B15A-CFDEAA0846D8}.Debug|x64.ActiveCfg = Debug|Any CPU
		{3DCC42CC-2DCB-4DEA-B15A-CFDEAA0846D8}.Debug|x64.Build.0 = Debug|Any CPU
		{3DCC42CC-2DCB-4DEA-B15A-CFDEAA0846D8}.Debug|x86.ActiveCfg = Debug|Any CPU
		{3DCC42CC-2DCB-4DEA-B15A-CFDEAA0846D8}.Debug|x86.Build.0 = Debug|Any CPU
		{3DCC42CC-2DCB-4DEA-B15A-CFDEAA0846D8}.Release|Any CPU.ActiveCfg = Release|Any CPU
		{3DCC42CC-2DCB-4DEA-B15A-CFDEAA0846D8}.Release|Any CPU.Build.0 = Release|Any CPU
		{3DCC42CC-2DCB-4DEA-B15A-CFDEAA0846D8}.Release|x64.ActiveCfg = Release|Any CPU
		{3DCC42CC-2DCB-4DEA-B15A-CFDEAA0846D8}.Release|x64.Build.0 = Release|Any CPU
		{3DCC42CC-2DCB-4DEA-B15A-CFDEAA0846D8}.Release|x86.ActiveCfg = Release|Any CPU
		{3DCC42CC-2DCB-4DEA-B15A-CFDEAA0846D8}.Release|x86.Build.0 = Release|Any CPU
		{EEB13563-BC09-4640-B76B-A2EAFDDB6CD2}.Debug|Any CPU.ActiveCfg = Debug|Any CPU
		{EEB13563-BC09-4640-B76B-A2EAFDDB6CD2}.Debug|Any CPU.Build.0 = Debug|Any CPU
		{EEB13563-BC09-4640-B76B-A2EAFDDB6CD2}.Debug|x64.ActiveCfg = Debug|Any CPU
		{EEB13563-BC09-4640-B76B-A2EAFDDB6CD2}.Debug|x64.Build.0 = Debug|Any CPU
		{EEB13563-BC09-4640-B76B-A2EAFDDB6CD2}.Debug|x86.ActiveCfg = Debug|Any CPU
		{EEB13563-BC09-4640-B76B-A2EAFDDB6CD2}.Debug|x86.Build.0 = Debug|Any CPU
		{EEB13563-BC09-4640-B76B-A2EAFDDB6CD2}.Release|Any CPU.ActiveCfg = Release|Any CPU
		{EEB13563-BC09-4640-B76B-A2EAFDDB6CD2}.Release|Any CPU.Build.0 = Release|Any CPU
		{EEB13563-BC09-4640-B76B-A2EAFDDB6CD2}.Release|x64.ActiveCfg = Release|Any CPU
		{EEB13563-BC09-4640-B76B-A2EAFDDB6CD2}.Release|x64.Build.0 = Release|Any CPU
		{EEB13563-BC09-4640-B76B-A2EAFDDB6CD2}.Release|x86.ActiveCfg = Release|Any CPU
		{EEB13563-BC09-4640-B76B-A2EAFDDB6CD2}.Release|x86.Build.0 = Release|Any CPU
		{30997603-A6CE-433B-B6D6-B3F88EFF97BA}.Debug|Any CPU.ActiveCfg = Debug|Any CPU
		{30997603-A6CE-433B-B6D6-B3F88EFF97BA}.Debug|Any CPU.Build.0 = Debug|Any CPU
		{30997603-A6CE-433B-B6D6-B3F88EFF97BA}.Debug|x64.ActiveCfg = Debug|Any CPU
		{30997603-A6CE-433B-B6D6-B3F88EFF97BA}.Debug|x64.Build.0 = Debug|Any CPU
		{30997603-A6CE-433B-B6D6-B3F88EFF97BA}.Debug|x86.ActiveCfg = Debug|Any CPU
		{30997603-A6CE-433B-B6D6-B3F88EFF97BA}.Debug|x86.Build.0 = Debug|Any CPU
		{30997603-A6CE-433B-B6D6-B3F88EFF97BA}.Release|Any CPU.ActiveCfg = Release|Any CPU
		{30997603-A6CE-433B-B6D6-B3F88EFF97BA}.Release|Any CPU.Build.0 = Release|Any CPU
		{30997603-A6CE-433B-B6D6-B3F88EFF97BA}.Release|x64.ActiveCfg = Release|Any CPU
		{30997603-A6CE-433B-B6D6-B3F88EFF97BA}.Release|x64.Build.0 = Release|Any CPU
		{30997603-A6CE-433B-B6D6-B3F88EFF97BA}.Release|x86.ActiveCfg = Release|Any CPU
		{30997603-A6CE-433B-B6D6-B3F88EFF97BA}.Release|x86.Build.0 = Release|Any CPU
		{0C3F356D-F9EC-4B9B-88BA-AD1EE41C3BAE}.Debug|Any CPU.ActiveCfg = Debug|Any CPU
		{0C3F356D-F9EC-4B9B-88BA-AD1EE41C3BAE}.Debug|Any CPU.Build.0 = Debug|Any CPU
		{0C3F356D-F9EC-4B9B-88BA-AD1EE41C3BAE}.Debug|x64.ActiveCfg = Debug|x64
		{0C3F356D-F9EC-4B9B-88BA-AD1EE41C3BAE}.Debug|x64.Build.0 = Debug|x64
		{0C3F356D-F9EC-4B9B-88BA-AD1EE41C3BAE}.Debug|x86.ActiveCfg = Debug|x86
		{0C3F356D-F9EC-4B9B-88BA-AD1EE41C3BAE}.Debug|x86.Build.0 = Debug|x86
		{0C3F356D-F9EC-4B9B-88BA-AD1EE41C3BAE}.Release|Any CPU.ActiveCfg = Release|Any CPU
		{0C3F356D-F9EC-4B9B-88BA-AD1EE41C3BAE}.Release|Any CPU.Build.0 = Release|Any CPU
		{0C3F356D-F9EC-4B9B-88BA-AD1EE41C3BAE}.Release|x64.ActiveCfg = Release|x64
		{0C3F356D-F9EC-4B9B-88BA-AD1EE41C3BAE}.Release|x64.Build.0 = Release|x64
		{0C3F356D-F9EC-4B9B-88BA-AD1EE41C3BAE}.Release|x86.ActiveCfg = Release|x86
		{0C3F356D-F9EC-4B9B-88BA-AD1EE41C3BAE}.Release|x86.Build.0 = Release|x86
		{0B9AE810-12F2-4F53-83F2-F177B5BA94AA}.Debug|Any CPU.ActiveCfg = Debug|Any CPU
		{0B9AE810-12F2-4F53-83F2-F177B5BA94AA}.Debug|Any CPU.Build.0 = Debug|Any CPU
		{0B9AE810-12F2-4F53-83F2-F177B5BA94AA}.Debug|x64.ActiveCfg = Debug|Any CPU
		{0B9AE810-12F2-4F53-83F2-F177B5BA94AA}.Debug|x64.Build.0 = Debug|Any CPU
		{0B9AE810-12F2-4F53-83F2-F177B5BA94AA}.Debug|x86.ActiveCfg = Debug|Any CPU
		{0B9AE810-12F2-4F53-83F2-F177B5BA94AA}.Debug|x86.Build.0 = Debug|Any CPU
		{0B9AE810-12F2-4F53-83F2-F177B5BA94AA}.Release|Any CPU.ActiveCfg = Release|Any CPU
		{0B9AE810-12F2-4F53-83F2-F177B5BA94AA}.Release|Any CPU.Build.0 = Release|Any CPU
		{0B9AE810-12F2-4F53-83F2-F177B5BA94AA}.Release|x64.ActiveCfg = Release|Any CPU
		{0B9AE810-12F2-4F53-83F2-F177B5BA94AA}.Release|x64.Build.0 = Release|Any CPU
		{0B9AE810-12F2-4F53-83F2-F177B5BA94AA}.Release|x86.ActiveCfg = Release|Any CPU
		{0B9AE810-12F2-4F53-83F2-F177B5BA94AA}.Release|x86.Build.0 = Release|Any CPU
		{5D8BBFB6-F1D1-42A9-A4E8-43298467ED42}.Debug|Any CPU.ActiveCfg = Debug|Any CPU
		{5D8BBFB6-F1D1-42A9-A4E8-43298467ED42}.Debug|Any CPU.Build.0 = Debug|Any CPU
		{5D8BBFB6-F1D1-42A9-A4E8-43298467ED42}.Debug|x64.ActiveCfg = Debug|Any CPU
		{5D8BBFB6-F1D1-42A9-A4E8-43298467ED42}.Debug|x64.Build.0 = Debug|Any CPU
		{5D8BBFB6-F1D1-42A9-A4E8-43298467ED42}.Debug|x86.ActiveCfg = Debug|Any CPU
		{5D8BBFB6-F1D1-42A9-A4E8-43298467ED42}.Debug|x86.Build.0 = Debug|Any CPU
		{5D8BBFB6-F1D1-42A9-A4E8-43298467ED42}.Release|Any CPU.ActiveCfg = Release|Any CPU
		{5D8BBFB6-F1D1-42A9-A4E8-43298467ED42}.Release|Any CPU.Build.0 = Release|Any CPU
		{5D8BBFB6-F1D1-42A9-A4E8-43298467ED42}.Release|x64.ActiveCfg = Release|Any CPU
		{5D8BBFB6-F1D1-42A9-A4E8-43298467ED42}.Release|x64.Build.0 = Release|Any CPU
		{5D8BBFB6-F1D1-42A9-A4E8-43298467ED42}.Release|x86.ActiveCfg = Release|Any CPU
		{5D8BBFB6-F1D1-42A9-A4E8-43298467ED42}.Release|x86.Build.0 = Release|Any CPU
		{17D48EFE-F419-4423-A267-1B204751A352}.Debug|Any CPU.ActiveCfg = Debug|Any CPU
		{17D48EFE-F419-4423-A267-1B204751A352}.Debug|Any CPU.Build.0 = Debug|Any CPU
		{17D48EFE-F419-4423-A267-1B204751A352}.Debug|x64.ActiveCfg = Debug|Any CPU
		{17D48EFE-F419-4423-A267-1B204751A352}.Debug|x64.Build.0 = Debug|Any CPU
		{17D48EFE-F419-4423-A267-1B204751A352}.Debug|x86.ActiveCfg = Debug|Any CPU
		{17D48EFE-F419-4423-A267-1B204751A352}.Debug|x86.Build.0 = Debug|Any CPU
		{17D48EFE-F419-4423-A267-1B204751A352}.Release|Any CPU.ActiveCfg = Release|Any CPU
		{17D48EFE-F419-4423-A267-1B204751A352}.Release|Any CPU.Build.0 = Release|Any CPU
		{17D48EFE-F419-4423-A267-1B204751A352}.Release|x64.ActiveCfg = Release|Any CPU
		{17D48EFE-F419-4423-A267-1B204751A352}.Release|x64.Build.0 = Release|Any CPU
		{17D48EFE-F419-4423-A267-1B204751A352}.Release|x86.ActiveCfg = Release|Any CPU
		{17D48EFE-F419-4423-A267-1B204751A352}.Release|x86.Build.0 = Release|Any CPU
		{ED4E42DA-B61B-40A4-A644-1A92695E75CD}.Debug|Any CPU.ActiveCfg = Debug|Any CPU
		{ED4E42DA-B61B-40A4-A644-1A92695E75CD}.Debug|Any CPU.Build.0 = Debug|Any CPU
		{ED4E42DA-B61B-40A4-A644-1A92695E75CD}.Debug|x64.ActiveCfg = Debug|Any CPU
		{ED4E42DA-B61B-40A4-A644-1A92695E75CD}.Debug|x64.Build.0 = Debug|Any CPU
		{ED4E42DA-B61B-40A4-A644-1A92695E75CD}.Debug|x86.ActiveCfg = Debug|Any CPU
		{ED4E42DA-B61B-40A4-A644-1A92695E75CD}.Debug|x86.Build.0 = Debug|Any CPU
		{ED4E42DA-B61B-40A4-A644-1A92695E75CD}.Release|Any CPU.ActiveCfg = Release|Any CPU
		{ED4E42DA-B61B-40A4-A644-1A92695E75CD}.Release|Any CPU.Build.0 = Release|Any CPU
		{ED4E42DA-B61B-40A4-A644-1A92695E75CD}.Release|x64.ActiveCfg = Release|Any CPU
		{ED4E42DA-B61B-40A4-A644-1A92695E75CD}.Release|x64.Build.0 = Release|Any CPU
		{ED4E42DA-B61B-40A4-A644-1A92695E75CD}.Release|x86.ActiveCfg = Release|Any CPU
		{ED4E42DA-B61B-40A4-A644-1A92695E75CD}.Release|x86.Build.0 = Release|Any CPU
	EndGlobalSection
	GlobalSection(SolutionProperties) = preSolution
		HideSolutionNode = FALSE
	EndGlobalSection
	GlobalSection(ExtensibilityGlobals) = postSolution
		SolutionGuid = {6CF0E432-7036-4918-8E81-6208CDBE1A56}
	EndGlobalSection
EndGlobal
